
Microsoft Visual Studio Solution File, Format Version 12.00
# Visual Studio Version 17
VisualStudioVersion = 17.7.34221.43
MinimumVisualStudioVersion = 10.0.40219.1
Project("{9A19103F-16F7-4668-BE54-9A1E7A4F7556}") = "ControldUpdater", "DynUpdater\ControldUpdater.csproj", "{A3478249-9AEA-4CD6-9A32-5561F15A49F6}"
EndProject
Global
	GlobalSection(SolutionConfigurationPlatforms) = preSolution
		Debug|Any CPU = Debug|Any CPU
		Release|Any CPU = Release|Any CPU
	EndGlobalSection
	GlobalSection(ProjectConfigurationPlatforms) = postSolution
		{A3478249-9AEA-4CD6-9A32-5561F15A49F6}.Debug|Any CPU.ActiveCfg = Debug|Any CPU
		{A3478249-9AEA-4CD6-9A32-5561F15A49F6}.Debug|Any CPU.Build.0 = Debug|Any CPU
		{A3478249-9AEA-4CD6-9A32-5561F15A49F6}.Debug|Any CPU.Deploy.0 = Debug|Any CPU
		{A3478249-9AEA-4CD6-9A32-5561F15A49F6}.Release|Any CPU.ActiveCfg = Release|Any CPU
		{A3478249-9AEA-4CD6-9A32-5561F15A49F6}.Release|Any CPU.Build.0 = Release|Any CPU
		{A3478249-9AEA-4CD6-9A32-5561F15A49F6}.Release|Any CPU.Deploy.0 = Release|Any CPU
	EndGlobalSection
	GlobalSection(SolutionProperties) = preSolution
		HideSolutionNode = FALSE
	EndGlobalSection
	GlobalSection(ExtensibilityGlobals) = postSolution
		SolutionGuid = {D4388E7E-3408-4D4F-9569-8658352DAB25}
	EndGlobalSection
EndGlobal
