
Microsoft Visual Studio Solution File, Format Version 12.00
# Visual Studio Version 17
VisualStudioVersion = 17.7.34221.43
MinimumVisualStudioVersion = 10.0.40219.1
Project("{FAE04EC0-301F-11D3-BF4B-00C04F79EFBC}") = "Unlocator DNS", "Unlocator DNS\Unlocator DNS.csproj", "{DBD3D3AB-CC2F-4416-993B-DA8FDEBC3BED}"
EndProject
Global
	GlobalSection(SolutionConfigurationPlatforms) = preSolution
		Debug|Any CPU = Debug|Any CPU
		Release|Any CPU = Release|Any CPU
	EndGlobalSection
	GlobalSection(ProjectConfigurationPlatforms) = postSolution
		{DBD3D3AB-CC2F-4416-993B-DA8FDEBC3BED}.Debug|Any CPU.ActiveCfg = Debug|Any CPU
		{DBD3D3AB-CC2F-4416-993B-DA8FDEBC3BED}.Debug|Any CPU.Build.0 = Debug|Any CPU
		{DBD3D3AB-CC2F-4416-993B-DA8FDEBC3BED}.Debug|Any CPU.Deploy.0 = Debug|Any CPU
		{DBD3D3AB-CC2F-4416-993B-DA8FDEBC3BED}.Release|Any CPU.ActiveCfg = Release|Any CPU
		{DBD3D3AB-CC2F-4416-993B-DA8FDEBC3BED}.Release|Any CPU.Build.0 = Release|Any CPU
		{DBD3D3AB-CC2F-4416-993B-DA8FDEBC3BED}.Release|Any CPU.Deploy.0 = Release|Any CPU
	EndGlobalSection
	GlobalSection(SolutionProperties) = preSolution
		HideSolutionNode = FALSE
	EndGlobalSection
	GlobalSection(ExtensibilityGlobals) = postSolution
		SolutionGuid = {2CE96072-FD1F-42ED-9CFD-6E3DC9053CBC}
	EndGlobalSection
EndGlobal
